// !$*UTF8*$!
{
	archiveVersion = 1;
	classes = {
	};
	objectVersion = 50;
	objects = {

/* Begin PBXBuildFile section */
		77342B0B249F67F70034C501 /* FilteredList.swift in Sources */ = {isa = PBXBuildFile; fileRef = 77342B0A249F67F70034C501 /* FilteredList.swift */; };
		77342B10249F68DF0034C501 /* Book+CoreDataClass.swift in Sources */ = {isa = PBXBuildFile; fileRef = 77342B0C249F68DF0034C501 /* Book+CoreDataClass.swift */; };
		77342B11249F68DF0034C501 /* Book+CoreDataProperties.swift in Sources */ = {isa = PBXBuildFile; fileRef = 77342B0D249F68DF0034C501 /* Book+CoreDataProperties.swift */; };
		77342B12249F68DF0034C501 /* Publisher+CoreDataClass.swift in Sources */ = {isa = PBXBuildFile; fileRef = 77342B0E249F68DF0034C501 /* Publisher+CoreDataClass.swift */; };
		77342B13249F68DF0034C501 /* Publisher+CoreDataProperties.swift in Sources */ = {isa = PBXBuildFile; fileRef = 77342B0F249F68DF0034C501 /* Publisher+CoreDataProperties.swift */; };
		77EE01A4249CDAE4003AABCA /* AppDelegate.swift in Sources */ = {isa = PBXBuildFile; fileRef = 77EE01A3249CDAE4003AABCA /* AppDelegate.swift */; };
		77EE01A6249CDAE4003AABCA /* SceneDelegate.swift in Sources */ = {isa = PBXBuildFile; fileRef = 77EE01A5249CDAE4003AABCA /* SceneDelegate.swift */; };
		77EE01A9249CDAE4003AABCA /* Bookworm.xcdatamodeld in Sources */ = {isa = PBXBuildFile; fileRef = 77EE01A7249CDAE4003AABCA /* Bookworm.xcdatamodeld */; };
		77EE01AB249CDAE4003AABCA /* ContentView.swift in Sources */ = {isa = PBXBuildFile; fileRef = 77EE01AA249CDAE4003AABCA /* ContentView.swift */; };
		77EE01AD249CDAE5003AABCA /* Assets.xcassets in Resources */ = {isa = PBXBuildFile; fileRef = 77EE01AC249CDAE5003AABCA /* Assets.xcassets */; };
		77EE01B0249CDAE5003AABCA /* Preview Assets.xcassets in Resources */ = {isa = PBXBuildFile; fileRef = 77EE01AF249CDAE5003AABCA /* Preview Assets.xcassets */; };
		77EE01B3249CDAE5003AABCA /* LaunchScreen.storyboard in Resources */ = {isa = PBXBuildFile; fileRef = 77EE01B1249CDAE5003AABCA /* LaunchScreen.storyboard */; };
		77EE01BB249CDD14003AABCA /* AddBookView.swift in Sources */ = {isa = PBXBuildFile; fileRef = 77EE01BA249CDD14003AABCA /* AddBookView.swift */; };
		77EE01BD249CE7DA003AABCA /* RatingView.swift in Sources */ = {isa = PBXBuildFile; fileRef = 77EE01BC249CE7DA003AABCA /* RatingView.swift */; };
		77EE01BF249CF141003AABCA /* EmojiRatingView.swift in Sources */ = {isa = PBXBuildFile; fileRef = 77EE01BE249CF141003AABCA /* EmojiRatingView.swift */; };
		77EE01C1249CF560003AABCA /* DetailView.swift in Sources */ = {isa = PBXBuildFile; fileRef = 77EE01C0249CF560003AABCA /* DetailView.swift */; };
/* End PBXBuildFile section */

/* Begin PBXFileReference section */
		77342B0A249F67F70034C501 /* FilteredList.swift */ = {isa = PBXFileReference; lastKnownFileType = sourcecode.swift; path = FilteredList.swift; sourceTree = "<group>"; };
		77342B0C249F68DF0034C501 /* Book+CoreDataClass.swift */ = {isa = PBXFileReference; lastKnownFileType = sourcecode.swift; path = "Book+CoreDataClass.swift"; sourceTree = SOURCE_ROOT; };
		77342B0D249F68DF0034C501 /* Book+CoreDataProperties.swift */ = {isa = PBXFileReference; lastKnownFileType = sourcecode.swift; path = "Book+CoreDataProperties.swift"; sourceTree = SOURCE_ROOT; };
		77342B0E249F68DF0034C501 /* Publisher+CoreDataClass.swift */ = {isa = PBXFileReference; lastKnownFileType = sourcecode.swift; path = "Publisher+CoreDataClass.swift"; sourceTree = SOURCE_ROOT; };
		77342B0F249F68DF0034C501 /* Publisher+CoreDataProperties.swift */ = {isa = PBXFileReference; lastKnownFileType = sourcecode.swift; path = "Publisher+CoreDataProperties.swift"; sourceTree = SOURCE_ROOT; };
		77EE01A0249CDAE4003AABCA /* Bookworm.app */ = {isa = PBXFileReference; explicitFileType = wrapper.application; includeInIndex = 0; path = Bookworm.app; sourceTree = BUILT_PRODUCTS_DIR; };
		77EE01A3249CDAE4003AABCA /* AppDelegate.swift */ = {isa = PBXFileReference; lastKnownFileType = sourcecode.swift; path = AppDelegate.swift; sourceTree = "<group>"; };
		77EE01A5249CDAE4003AABCA /* SceneDelegate.swift */ = {isa = PBXFileReference; lastKnownFileType = sourcecode.swift; path = SceneDelegate.swift; sourceTree = "<group>"; };
		77EE01A8249CDAE4003AABCA /* Bookworm.xcdatamodel */ = {isa = PBXFileReference; lastKnownFileType = wrapper.xcdatamodel; path = Bookworm.xcdatamodel; sourceTree = "<group>"; };
		77EE01AA249CDAE4003AABCA /* ContentView.swift */ = {isa = PBXFileReference; lastKnownFileType = sourcecode.swift; path = ContentView.swift; sourceTree = "<group>"; };
		77EE01AC249CDAE5003AABCA /* Assets.xcassets */ = {isa = PBXFileReference; lastKnownFileType = folder.assetcatalog; path = Assets.xcassets; sourceTree = "<group>"; };
		77EE01AF249CDAE5003AABCA /* Preview Assets.xcassets */ = {isa = PBXFileReference; lastKnownFileType = folder.assetcatalog; path = "Preview Assets.xcassets"; sourceTree = "<group>"; };
		77EE01B2249CDAE5003AABCA /* Base */ = {isa = PBXFileReference; lastKnownFileType = file.storyboard; name = Base; path = Base.lproj/LaunchScreen.storyboard; sourceTree = "<group>"; };
		77EE01B4249CDAE5003AABCA /* Info.plist */ = {isa = PBXFileReference; lastKnownFileType = text.plist.xml; path = Info.plist; sourceTree = "<group>"; };
		77EE01BA249CDD14003AABCA /* AddBookView.swift */ = {isa = PBXFileReference; lastKnownFileType = sourcecode.swift; path = AddBookView.swift; sourceTree = "<group>"; };
		77EE01BC249CE7DA003AABCA /* RatingView.swift */ = {isa = PBXFileReference; lastKnownFileType = sourcecode.swift; path = RatingView.swift; sourceTree = "<group>"; };
		77EE01BE249CF141003AABCA /* EmojiRatingView.swift */ = {isa = PBXFileReference; lastKnownFileType = sourcecode.swift; path = EmojiRatingView.swift; sourceTree = "<group>"; };
		77EE01C0249CF560003AABCA /* DetailView.swift */ = {isa = PBXFileReference; lastKnownFileType = sourcecode.swift; path = DetailView.swift; sourceTree = "<group>"; };
/* End PBXFileReference section */

/* Begin PBXFrameworksBuildPhase section */
		77EE019D249CDAE4003AABCA /* Frameworks */ = {
			isa = PBXFrameworksBuildPhase;
			buildActionMask = 2147483647;
			files = (
			);
			runOnlyForDeploymentPostprocessing = 0;
		};
/* End PBXFrameworksBuildPhase section */

/* Begin PBXGroup section */
		77EE0197249CDAE4003AABCA = {
			isa = PBXGroup;
			children = (
				77EE01A2249CDAE4003AABCA /* Bookworm */,
				77EE01A1249CDAE4003AABCA /* Products */,
			);
			sourceTree = "<group>";
		};
		77EE01A1249CDAE4003AABCA /* Products */ = {
			isa = PBXGroup;
			children = (
				77EE01A0249CDAE4003AABCA /* Bookworm.app */,
			);
			name = Products;
			sourceTree = "<group>";
		};
		77EE01A2249CDAE4003AABCA /* Bookworm */ = {
			isa = PBXGroup;
			children = (
				77EE01B4249CDAE5003AABCA /* Info.plist */,
				77EE01EA249E36A7003AABCA /* App */,
				77EE01E9249E3698003AABCA /* Model */,
				77EE01EC249E36E4003AABCA /* ViewModel */,
				77EE01EB249E36CC003AABCA /* View */,
				77EE01AE249CDAE5003AABCA /* Preview Content */,
			);
			path = Bookworm;
			sourceTree = "<group>";
		};
		77EE01AE249CDAE5003AABCA /* Preview Content */ = {
			isa = PBXGroup;
			children = (
				77EE01AF249CDAE5003AABCA /* Preview Assets.xcassets */,
			);
			path = "Preview Content";
			sourceTree = "<group>";
		};
		77EE01E9249E3698003AABCA /* Model */ = {
			isa = PBXGroup;
			children = (
				77342B0C249F68DF0034C501 /* Book+CoreDataClass.swift */,
				77342B0D249F68DF0034C501 /* Book+CoreDataProperties.swift */,
				77342B0E249F68DF0034C501 /* Publisher+CoreDataClass.swift */,
				77342B0F249F68DF0034C501 /* Publisher+CoreDataProperties.swift */,
				77EE01A7249CDAE4003AABCA /* Bookworm.xcdatamodeld */,
			);
			path = Model;
			sourceTree = "<group>";
		};
		77EE01EA249E36A7003AABCA /* App */ = {
			isa = PBXGroup;
			children = (
				77EE01A3249CDAE4003AABCA /* AppDelegate.swift */,
				77EE01A5249CDAE4003AABCA /* SceneDelegate.swift */,
				77EE01AC249CDAE5003AABCA /* Assets.xcassets */,
				77EE01B1249CDAE5003AABCA /* LaunchScreen.storyboard */,
			);
			path = App;
			sourceTree = "<group>";
		};
		77EE01EB249E36CC003AABCA /* View */ = {
			isa = PBXGroup;
			children = (
				77EE01AA249CDAE4003AABCA /* ContentView.swift */,
				77342B0A249F67F70034C501 /* FilteredList.swift */,
				77EE01BC249CE7DA003AABCA /* RatingView.swift */,
				77EE01BE249CF141003AABCA /* EmojiRatingView.swift */,
				77EE01BA249CDD14003AABCA /* AddBookView.swift */,
				77EE01C0249CF560003AABCA /* DetailView.swift */,
			);
			path = View;
			sourceTree = "<group>";
		};
		77EE01EC249E36E4003AABCA /* ViewModel */ = {
			isa = PBXGroup;
			children = (
			);
			path = ViewModel;
			sourceTree = "<group>";
		};
/* End PBXGroup section */

/* Begin PBXNativeTarget section */
		77EE019F249CDAE4003AABCA /* Bookworm */ = {
			isa = PBXNativeTarget;
			buildConfigurationList = 77EE01B7249CDAE5003AABCA /* Build configuration list for PBXNativeTarget "Bookworm" */;
			buildPhases = (
				77EE019C249CDAE4003AABCA /* Sources */,
				77EE019D249CDAE4003AABCA /* Frameworks */,
				77EE019E249CDAE4003AABCA /* Resources */,
			);
			buildRules = (
			);
			dependencies = (
			);
			name = Bookworm;
			productName = Bookworm;
			productReference = 77EE01A0249CDAE4003AABCA /* Bookworm.app */;
			productType = "com.apple.product-type.application";
		};
/* End PBXNativeTarget section */

/* Begin PBXProject section */
		77EE0198249CDAE4003AABCA /* Project object */ = {
			isa = PBXProject;
			attributes = {
				LastSwiftUpdateCheck = 1150;
				LastUpgradeCheck = 1150;
				ORGANIZATIONNAME = SwiftViktor;
				TargetAttributes = {
					77EE019F249CDAE4003AABCA = {
						CreatedOnToolsVersion = 11.5;
					};
				};
			};
			buildConfigurationList = 77EE019B249CDAE4003AABCA /* Build configuration list for PBXProject "Bookworm" */;
			compatibilityVersion = "Xcode 9.3";
			developmentRegion = en;
			hasScannedForEncodings = 0;
			knownRegions = (
				en,
				Base,
			);
			mainGroup = 77EE0197249CDAE4003AABCA;
			productRefGroup = 77EE01A1249CDAE4003AABCA /* Products */;
			projectDirPath = "";
			projectRoot = "";
			targets = (
				77EE019F249CDAE4003AABCA /* Bookworm */,
			);
		};
/* End PBXProject section */

/* Begin PBXResourcesBuildPhase section */
		77EE019E249CDAE4003AABCA /* Resources */ = {
			isa = PBXResourcesBuildPhase;
			buildActionMask = 2147483647;
			files = (
				77EE01B3249CDAE5003AABCA /* LaunchScreen.storyboard in Resources */,
				77EE01B0249CDAE5003AABCA /* Preview Assets.xcassets in Resources */,
				77EE01AD249CDAE5003AABCA /* Assets.xcassets in Resources */,
			);
			runOnlyForDeploymentPostprocessing = 0;
		};
/* End PBXResourcesBuildPhase section */

/* Begin PBXSourcesBuildPhase section */
		77EE019C249CDAE4003AABCA /* Sources */ = {
			isa = PBXSourcesBuildPhase;
			buildActionMask = 2147483647;
			files = (
				77EE01A4249CDAE4003AABCA /* AppDelegate.swift in Sources */,
				77342B11249F68DF0034C501 /* Book+CoreDataProperties.swift in Sources */,
				77342B12249F68DF0034C501 /* Publisher+CoreDataClass.swift in Sources */,
				77EE01C1249CF560003AABCA /* DetailView.swift in Sources */,
				77342B13249F68DF0034C501 /* Publisher+CoreDataProperties.swift in Sources */,
				77EE01A9249CDAE4003AABCA /* Bookworm.xcdatamodeld in Sources */,
				77EE01BF249CF141003AABCA /* EmojiRatingView.swift in Sources */,
				77EE01AB249CDAE4003AABCA /* ContentView.swift in Sources */,
				77342B0B249F67F70034C501 /* FilteredList.swift in Sources */,
				77EE01BD249CE7DA003AABCA /* RatingView.swift in Sources */,
				77EE01A6249CDAE4003AABCA /* SceneDelegate.swift in Sources */,
				77342B10249F68DF0034C501 /* Book+CoreDataClass.swift in Sources */,
				77EE01BB249CDD14003AABCA /* AddBookView.swift in Sources */,
			);
			runOnlyForDeploymentPostprocessing = 0;
		};
/* End PBXSourcesBuildPhase section */

/* Begin PBXVariantGroup section */
		77EE01B1249CDAE5003AABCA /* LaunchScreen.storyboard */ = {
			isa = PBXVariantGroup;
			children = (
				77EE01B2249CDAE5003AABCA /* Base */,
			);
			name = LaunchScreen.storyboard;
			sourceTree = "<group>";
		};
/* End PBXVariantGroup section */

/* Begin XCBuildConfiguration section */
		77EE01B5249CDAE5003AABCA /* Debug */ = {
			isa = XCBuildConfiguration;
			buildSettings = {
				ALWAYS_SEARCH_USER_PATHS = NO;
				CLANG_ANALYZER_NONNULL = YES;
				CLANG_ANALYZER_NUMBER_OBJECT_CONVERSION = YES_AGGRESSIVE;
				CLANG_CXX_LANGUAGE_STANDARD = "gnu++14";
				CLANG_CXX_LIBRARY = "libc++";
				CLANG_ENABLE_MODULES = YES;
				CLANG_ENABLE_OBJC_ARC = YES;
				CLANG_ENABLE_OBJC_WEAK = YES;
				CLANG_WARN_BLOCK_CAPTURE_AUTORELEASING = YES;
				CLANG_WARN_BOOL_CONVERSION = YES;
				CLANG_WARN_COMMA = YES;
				CLANG_WARN_CONSTANT_CONVERSION = YES;
				CLANG_WARN_DEPRECATED_OBJC_IMPLEMENTATIONS = YES;
				CLANG_WARN_DIRECT_OBJC_ISA_USAGE = YES_ERROR;
				CLANG_WARN_DOCUMENTATION_COMMENTS = YES;
				CLANG_WARN_EMPTY_BODY = YES;
				CLANG_WARN_ENUM_CONVERSION = YES;
				CLANG_WARN_INFINITE_RECURSION = YES;
				CLANG_WARN_INT_CONVERSION = YES;
				CLANG_WARN_NON_LITERAL_NULL_CONVERSION = YES;
				CLANG_WARN_OBJC_IMPLICIT_RETAIN_SELF = YES;
				CLANG_WARN_OBJC_LITERAL_CONVERSION = YES;
				CLANG_WARN_OBJC_ROOT_CLASS = YES_ERROR;
				CLANG_WARN_RANGE_LOOP_ANALYSIS = YES;
				CLANG_WARN_STRICT_PROTOTYPES = YES;
				CLANG_WARN_SUSPICIOUS_MOVE = YES;
				CLANG_WARN_UNGUARDED_AVAILABILITY = YES_AGGRESSIVE;
				CLANG_WARN_UNREACHABLE_CODE = YES;
				CLANG_WARN__DUPLICATE_METHOD_MATCH = YES;
				COPY_PHASE_STRIP = NO;
				DEBUG_INFORMATION_FORMAT = dwarf;
				ENABLE_STRICT_OBJC_MSGSEND = YES;
				ENABLE_TESTABILITY = YES;
				GCC_C_LANGUAGE_STANDARD = gnu11;
				GCC_DYNAMIC_NO_PIC = NO;
				GCC_NO_COMMON_BLOCKS = YES;
				GCC_OPTIMIZATION_LEVEL = 0;
				GCC_PREPROCESSOR_DEFINITIONS = (
					"DEBUG=1",
					"$(inherited)",
				);
				GCC_WARN_64_TO_32_BIT_CONVERSION = YES;
				GCC_WARN_ABOUT_RETURN_TYPE = YES_ERROR;
				GCC_WARN_UNDECLARED_SELECTOR = YES;
				GCC_WARN_UNINITIALIZED_AUTOS = YES_AGGRESSIVE;
				GCC_WARN_UNUSED_FUNCTION = YES;
				GCC_WARN_UNUSED_VARIABLE = YES;
				IPHONEOS_DEPLOYMENT_TARGET = 13.5;
				MTL_ENABLE_DEBUG_INFO = INCLUDE_SOURCE;
				MTL_FAST_MATH = YES;
				ONLY_ACTIVE_ARCH = YES;
				SDKROOT = iphoneos;
				SWIFT_ACTIVE_COMPILATION_CONDITIONS = DEBUG;
				SWIFT_OPTIMIZATION_LEVEL = "-Onone";
			};
			name = Debug;
		};
		77EE01B6249CDAE5003AABCA /* Release */ = {
			isa = XCBuildConfiguration;
			buildSettings = {
				ALWAYS_SEARCH_USER_PATHS = NO;
				CLANG_ANALYZER_NONNULL = YES;
				CLANG_ANALYZER_NUMBER_OBJECT_CONVERSION = YES_AGGRESSIVE;
				CLANG_CXX_LANGUAGE_STANDARD = "gnu++14";
				CLANG_CXX_LIBRARY = "libc++";
				CLANG_ENABLE_MODULES = YES;
				CLANG_ENABLE_OBJC_ARC = YES;
				CLANG_ENABLE_OBJC_WEAK = YES;
				CLANG_WARN_BLOCK_CAPTURE_AUTORELEASING = YES;
				CLANG_WARN_BOOL_CONVERSION = YES;
				CLANG_WARN_COMMA = YES;
				CLANG_WARN_CONSTANT_CONVERSION = YES;
				CLANG_WARN_DEPRECATED_OBJC_IMPLEMENTATIONS = YES;
				CLANG_WARN_DIRECT_OBJC_ISA_USAGE = YES_ERROR;
				CLANG_WARN_DOCUMENTATION_COMMENTS = YES;
				CLANG_WARN_EMPTY_BODY = YES;
				CLANG_WARN_ENUM_CONVERSION = YES;
				CLANG_WARN_INFINITE_RECURSION = YES;
				CLANG_WARN_INT_CONVERSION = YES;
				CLANG_WARN_NON_LITERAL_NULL_CONVERSION = YES;
				CLANG_WARN_OBJC_IMPLICIT_RETAIN_SELF = YES;
				CLANG_WARN_OBJC_LITERAL_CONVERSION = YES;
				CLANG_WARN_OBJC_ROOT_CLASS = YES_ERROR;
				CLANG_WARN_RANGE_LOOP_ANALYSIS = YES;
				CLANG_WARN_STRICT_PROTOTYPES = YES;
				CLANG_WARN_SUSPICIOUS_MOVE = YES;
				CLANG_WARN_UNGUARDED_AVAILABILITY = YES_AGGRESSIVE;
				CLANG_WARN_UNREACHABLE_CODE = YES;
				CLANG_WARN__DUPLICATE_METHOD_MATCH = YES;
				COPY_PHASE_STRIP = NO;
				DEBUG_INFORMATION_FORMAT = "dwarf-with-dsym";
				ENABLE_NS_ASSERTIONS = NO;
				ENABLE_STRICT_OBJC_MSGSEND = YES;
				GCC_C_LANGUAGE_STANDARD = gnu11;
				GCC_NO_COMMON_BLOCKS = YES;
				GCC_WARN_64_TO_32_BIT_CONVERSION = YES;
				GCC_WARN_ABOUT_RETURN_TYPE = YES_ERROR;
				GCC_WARN_UNDECLARED_SELECTOR = YES;
				GCC_WARN_UNINITIALIZED_AUTOS = YES_AGGRESSIVE;
				GCC_WARN_UNUSED_FUNCTION = YES;
				GCC_WARN_UNUSED_VARIABLE = YES;
				IPHONEOS_DEPLOYMENT_TARGET = 13.5;
				MTL_ENABLE_DEBUG_INFO = NO;
				MTL_FAST_MATH = YES;
				SDKROOT = iphoneos;
				SWIFT_COMPILATION_MODE = wholemodule;
				SWIFT_OPTIMIZATION_LEVEL = "-O";
				VALIDATE_PRODUCT = YES;
			};
			name = Release;
		};
		77EE01B8249CDAE5003AABCA /* Debug */ = {
			isa = XCBuildConfiguration;
			buildSettings = {
				ASSETCATALOG_COMPILER_APPICON_NAME = AppIcon;
				CODE_SIGN_STYLE = Automatic;
				DEVELOPMENT_ASSET_PATHS = "\"Bookworm/Preview Content\"";
				DEVELOPMENT_TEAM = PFT2629W4Z;
				ENABLE_PREVIEWS = YES;
				INFOPLIST_FILE = Bookworm/Info.plist;
				LD_RUNPATH_SEARCH_PATHS = (
					"$(inherited)",
					"@executable_path/Frameworks",
				);
				PRODUCT_BUNDLE_IDENTIFIER = com.SwiftViktor.Bookworm;
				PRODUCT_NAME = "$(TARGET_NAME)";
				SWIFT_VERSION = 5.0;
				TARGETED_DEVICE_FAMILY = "1,2";
			};
			name = Debug;
		};
		77EE01B9249CDAE5003AABCA /* Release */ = {
			isa = XCBuildConfiguration;
			buildSettings = {
				ASSETCATALOG_COMPILER_APPICON_NAME = AppIcon;
				CODE_SIGN_STYLE = Automatic;
				DEVELOPMENT_ASSET_PATHS = "\"Bookworm/Preview Content\"";
				DEVELOPMENT_TEAM = PFT2629W4Z;
				ENABLE_PREVIEWS = YES;
				INFOPLIST_FILE = Bookworm/Info.plist;
				LD_RUNPATH_SEARCH_PATHS = (
					"$(inherited)",
					"@executable_path/Frameworks",
				);
				PRODUCT_BUNDLE_IDENTIFIER = com.SwiftViktor.Bookworm;
				PRODUCT_NAME = "$(TARGET_NAME)";
				SWIFT_VERSION = 5.0;
				TARGETED_DEVICE_FAMILY = "1,2";
			};
			name = Release;
		};
/* End XCBuildConfiguration section */

/* Begin XCConfigurationList section */
		77EE019B249CDAE4003AABCA /* Build configuration list for PBXProject "Bookworm" */ = {
			isa = XCConfigurationList;
			buildConfigurations = (
				77EE01B5249CDAE5003AABCA /* Debug */,
				77EE01B6249CDAE5003AABCA /* Release */,
			);
			defaultConfigurationIsVisible = 0;
			defaultConfigurationName = Release;
		};
		77EE01B7249CDAE5003AABCA /* Build configuration list for PBXNativeTarget "Bookworm" */ = {
			isa = XCConfigurationList;
			buildConfigurations = (
				77EE01B8249CDAE5003AABCA /* Debug */,
				77EE01B9249CDAE5003AABCA /* Release */,
			);
			defaultConfigurationIsVisible = 0;
			defaultConfigurationName = Release;
		};
/* End XCConfigurationList section */

/* Begin XCVersionGroup section */
		77EE01A7249CDAE4003AABCA /* Bookworm.xcdatamodeld */ = {
			isa = XCVersionGroup;
			children = (
				77EE01A8249CDAE4003AABCA /* Bookworm.xcdatamodel */,
			);
			currentVersion = 77EE01A8249CDAE4003AABCA /* Bookworm.xcdatamodel */;
			path = Bookworm.xcdatamodeld;
			sourceTree = "<group>";
			versionGroupType = wrapper.xcdatamodel;
		};
/* End XCVersionGroup section */
	};
	rootObject = 77EE0198249CDAE4003AABCA /* Project object */;
}
